
Microsoft Visual Studio Solution File, Format Version 12.00
# Visual Studio Version 16
VisualStudioVersion = 16.0.31025.194
MinimumVisualStudioVersion = 10.0.40219.1
Project("{FAE04EC0-301F-11D3-BF4B-00C04F79EFBC}") = "Assignment7CompleteEdition", "Assignment7CompleteEdition.csproj", "{ADFF5CE1-9DC7-40E7-959A-CA9221C3E8E8}"
EndProject
Project("{FAE04EC0-301F-11D3-BF4B-00C04F79EFBC}") = "BusinessLib", "..\ClassLibrary\BusinessLib.csproj", "{8E424265-E161-4CE8-9258-D963054BF5C8}"
EndProject
Global
	GlobalSection(SolutionConfigurationPlatforms) = preSolution
		Debug|Any CPU = Debug|Any CPU
		Release|Any CPU = Release|Any CPU
	EndGlobalSection
	GlobalSection(ProjectConfigurationPlatforms) = postSolution
		{ADFF5CE1-9DC7-40E7-959A-CA9221C3E8E8}.Debug|Any CPU.ActiveCfg = Debug|Any CPU
		{ADFF5CE1-9DC7-40E7-959A-CA9221C3E8E8}.Debug|Any CPU.Build.0 = Debug|Any CPU
		{ADFF5CE1-9DC7-40E7-959A-CA9221C3E8E8}.Release|Any CPU.ActiveCfg = Release|Any CPU
		{ADFF5CE1-9DC7-40E7-959A-CA9221C3E8E8}.Release|Any CPU.Build.0 = Release|Any CPU
		{8E424265-E161-4CE8-9258-D963054BF5C8}.Debug|Any CPU.ActiveCfg = Debug|Any CPU
		{8E424265-E161-4CE8-9258-D963054BF5C8}.Debug|Any CPU.Build.0 = Debug|Any CPU
		{8E424265-E161-4CE8-9258-D963054BF5C8}.Release|Any CPU.ActiveCfg = Release|Any CPU
		{8E424265-E161-4CE8-9258-D963054BF5C8}.Release|Any CPU.Build.0 = Release|Any CPU
	EndGlobalSection
	GlobalSection(SolutionProperties) = preSolution
		HideSolutionNode = FALSE
	EndGlobalSection
	GlobalSection(ExtensibilityGlobals) = postSolution
		SolutionGuid = {B58C27A3-4A1E-4F13-8A81-135178E5F2FD}
	EndGlobalSection
EndGlobal
